
Microsoft Visual Studio Solution File, Format Version 12.00
# Visual Studio 2012
Project("{FAE04EC0-301F-11D3-BF4B-00C04F79EFBC}") = "ConcurrentProgramming", "ConcurrentProgramming\ConcurrentProgramming.csproj", "{500AEC6E-6F27-43DC-AB63-C1C496AB1C5B}"
EndProject
Project("{FAE04EC0-301F-11D3-BF4B-00C04F79EFBC}") = "ConcurrentTests", "ConcurrentTests\ConcurrentTests.csproj", "{07692996-CBC7-458D-AB5D-DBAC25FC936E}"
EndProject
Global
	GlobalSection(SolutionConfigurationPlatforms) = preSolution
		Debug|Any CPU = Debug|Any CPU
		Release|Any CPU = Release|Any CPU
	EndGlobalSection
	GlobalSection(ProjectConfigurationPlatforms) = postSolution
		{500AEC6E-6F27-43DC-AB63-C1C496AB1C5B}.Debug|Any CPU.ActiveCfg = Debug|Any CPU
		{500AEC6E-6F27-43DC-AB63-C1C496AB1C5B}.Debug|Any CPU.Build.0 = Debug|Any CPU
		{500AEC6E-6F27-43DC-AB63-C1C496AB1C5B}.Release|Any CPU.ActiveCfg = Release|Any CPU
		{500AEC6E-6F27-43DC-AB63-C1C496AB1C5B}.Release|Any CPU.Build.0 = Release|Any CPU
		{07692996-CBC7-458D-AB5D-DBAC25FC936E}.Debug|Any CPU.ActiveCfg = Debug|Any CPU
		{07692996-CBC7-458D-AB5D-DBAC25FC936E}.Debug|Any CPU.Build.0 = Debug|Any CPU
		{07692996-CBC7-458D-AB5D-DBAC25FC936E}.Release|Any CPU.ActiveCfg = Release|Any CPU
		{07692996-CBC7-458D-AB5D-DBAC25FC936E}.Release|Any CPU.Build.0 = Release|Any CPU
	EndGlobalSection
	GlobalSection(SolutionProperties) = preSolution
		HideSolutionNode = FALSE
	EndGlobalSection
EndGlobal
